{
  "name": "performance-manager",
  "version": "1.0.0",
  "lockfileVersion": 3,
  "requires": true,
  "packages": {
    "": {
      "name": "performance-manager",
      "version": "1.0.0",
      "license": "MIT",
      "dependencies": {
        "@types/howler": "^2.2.12",
        "howler": "^2.2.4"
      },
      "engines": {
        "node": ">=16.0.0",
        "python": ">=3.8.0"
      }
    },
    "node_modules/@types/howler": {
      "version": "2.2.12",
      "resolved": "https://registry.npmjs.org/@types/howler/-/howler-2.2.12.tgz",
      "integrity": "sha512-hy769UICzOSdK0Kn1FBk4gN+lswcj1EKRkmiDtMkUGvFfYJzgaDXmVXkSShS2m89ERAatGIPnTUlp2HhfkVo5g==",
      "license": "MIT"
    },
    "node_modules/howler": {
      "version": "2.2.4",
      "resolved": "https://registry.npmjs.org/howler/-/howler-2.2.4.tgz",
      "integrity": "sha512-iARIBPgcQrwtEr+tALF+rapJ8qSc+Set2GJQl7xT1MQzWaVkFebdJhR3alVlSiUf5U7nAANKuj3aWpwerocD5w==",
      "license": "MIT"
    }
  }
}
